// !$*UTF8*$!
{
	archiveVersion = 1;
	classes = {
	};
	objectVersion = 46;
	objects = {

/* Begin PBXBuildFile section */
		47A3578D1ECCABB60061A379 /* main.m in Sources */ = {isa = PBXBuildFile; fileRef = 47A3578C1ECCABB60061A379 /* main.m */; };
		47A357901ECCABB60061A379 /* AppDelegate.m in Sources */ = {isa = PBXBuildFile; fileRef = 47A3578F1ECCABB60061A379 /* AppDelegate.m */; };
		47A357931ECCABB60061A379 /* ViewController.m in Sources */ = {isa = PBXBuildFile; fileRef = 47A357921ECCABB60061A379 /* ViewController.m */; };
		47A357961ECCABB60061A379 /* Main.storyboard in Resources */ = {isa = PBXBuildFile; fileRef = 47A357941ECCABB60061A379 /* Main.storyboard */; };
		47A357981ECCABB60061A379 /* Assets.xcassets in Resources */ = {isa = PBXBuildFile; fileRef = 47A357971ECCABB60061A379 /* Assets.xcassets */; };
		47A3579B1ECCABB60061A379 /* LaunchScreen.storyboard in Resources */ = {isa = PBXBuildFile; fileRef = 47A357991ECCABB60061A379 /* LaunchScreen.storyboard */; };
		47A357A51ECCAF9D0061A379 /* MemedaVC.m in Sources */ = {isa = PBXBuildFile; fileRef = 47A357A31ECCAF9D0061A379 /* MemedaVC.m */; };
		47A357A61ECCAF9D0061A379 /* MemedaVC.xib in Resources */ = {isa = PBXBuildFile; fileRef = 47A357A41ECCAF9D0061A379 /* MemedaVC.xib */; };
		47A357A91ECCB0850061A379 /* MyENavigationController.m in Sources */ = {isa = PBXBuildFile; fileRef = 47A357A81ECCB0850061A379 /* MyENavigationController.m */; };
		47A357AD1ECCB1EE0061A379 /* TwoViewController.m in Sources */ = {isa = PBXBuildFile; fileRef = 47A357AB1ECCB1EE0061A379 /* TwoViewController.m */; };
		47A357AE1ECCB1EE0061A379 /* TwoViewController.xib in Resources */ = {isa = PBXBuildFile; fileRef = 47A357AC1ECCB1EE0061A379 /* TwoViewController.xib */; };
		9DB98D651EEAA6E5000E77BA /* TestTableviewVC.m in Sources */ = {isa = PBXBuildFile; fileRef = 9DB98D631EEAA6E4000E77BA /* TestTableviewVC.m */; };
		9DB98D661EEAA6E5000E77BA /* TestTableviewVC.xib in Resources */ = {isa = PBXBuildFile; fileRef = 9DB98D641EEAA6E4000E77BA /* TestTableviewVC.xib */; };
		9DB98D6A1EEAA88B000E77BA /* XYOrderCell.m in Sources */ = {isa = PBXBuildFile; fileRef = 9DB98D681EEAA88B000E77BA /* XYOrderCell.m */; };
		9DB98D6B1EEAA88B000E77BA /* XYOrderCell.xib in Resources */ = {isa = PBXBuildFile; fileRef = 9DB98D691EEAA88B000E77BA /* XYOrderCell.xib */; };
		9DBCEC4E1F0C8F7300D60FD0 /* CZRDropDownMenuCell.m in Sources */ = {isa = PBXBuildFile; fileRef = 9DBCEC4D1F0C8F7300D60FD0 /* CZRDropDownMenuCell.m */; };
		9DBCEC521F0C956E00D60FD0 /* ImageCellCollectionViewCell.m in Sources */ = {isa = PBXBuildFile; fileRef = 9DBCEC501F0C956E00D60FD0 /* ImageCellCollectionViewCell.m */; };
		9DBCEC531F0C956E00D60FD0 /* ImageCellCollectionViewCell.xib in Resources */ = {isa = PBXBuildFile; fileRef = 9DBCEC511F0C956E00D60FD0 /* ImageCellCollectionViewCell.xib */; };
		9DBCEC691F0CE3B900D60FD0 /* 1.jpg in Resources */ = {isa = PBXBuildFile; fileRef = 9DBCEC551F0CE3B900D60FD0 /* 1.jpg */; };
		9DBCEC6A1F0CE3B900D60FD0 /* 10.jpg in Resources */ = {isa = PBXBuildFile; fileRef = 9DBCEC561F0CE3B900D60FD0 /* 10.jpg */; };
		9DBCEC6B1F0CE3B900D60FD0 /* 11.jpg in Resources */ = {isa = PBXBuildFile; fileRef = 9DBCEC571F0CE3B900D60FD0 /* 11.jpg */; };
		9DBCEC6C1F0CE3B900D60FD0 /* 12.jpg in Resources */ = {isa = PBXBuildFile; fileRef = 9DBCEC581F0CE3B900D60FD0 /* 12.jpg */; };
		9DBCEC6D1F0CE3B900D60FD0 /* 13.jpg in Resources */ = {isa = PBXBuildFile; fileRef = 9DBCEC591F0CE3B900D60FD0 /* 13.jpg */; };
		9DBCEC6E1F0CE3B900D60FD0 /* 14.jpg in Resources */ = {isa = PBXBuildFile; fileRef = 9DBCEC5A1F0CE3B900D60FD0 /* 14.jpg */; };
		9DBCEC6F1F0CE3B900D60FD0 /* 15.jpg in Resources */ = {isa = PBXBuildFile; fileRef = 9DBCEC5B1F0CE3B900D60FD0 /* 15.jpg */; };
		9DBCEC701F0CE3B900D60FD0 /* 16.jpg in Resources */ = {isa = PBXBuildFile; fileRef = 9DBCEC5C1F0CE3B900D60FD0 /* 16.jpg */; };
		9DBCEC711F0CE3B900D60FD0 /* 17.jpg in Resources */ = {isa = PBXBuildFile; fileRef = 9DBCEC5D1F0CE3B900D60FD0 /* 17.jpg */; };
		9DBCEC721F0CE3B900D60FD0 /* 18.jpg in Resources */ = {isa = PBXBuildFile; fileRef = 9DBCEC5E1F0CE3B900D60FD0 /* 18.jpg */; };
		9DBCEC731F0CE3B900D60FD0 /* 19.jpg in Resources */ = {isa = PBXBuildFile; fileRef = 9DBCEC5F1F0CE3B900D60FD0 /* 19.jpg */; };
		9DBCEC741F0CE3B900D60FD0 /* 2.jpg in Resources */ = {isa = PBXBuildFile; fileRef = 9DBCEC601F0CE3B900D60FD0 /* 2.jpg */; };
		9DBCEC751F0CE3B900D60FD0 /* 20.jpg in Resources */ = {isa = PBXBuildFile; fileRef = 9DBCEC611F0CE3B900D60FD0 /* 20.jpg */; };
		9DBCEC761F0CE3B900D60FD0 /* 3.jpg in Resources */ = {isa = PBXBuildFile; fileRef = 9DBCEC621F0CE3B900D60FD0 /* 3.jpg */; };
		9DBCEC771F0CE3B900D60FD0 /* 4.jpg in Resources */ = {isa = PBXBuildFile; fileRef = 9DBCEC631F0CE3B900D60FD0 /* 4.jpg */; };
		9DBCEC781F0CE3B900D60FD0 /* 5.jpg in Resources */ = {isa = PBXBuildFile; fileRef = 9DBCEC641F0CE3B900D60FD0 /* 5.jpg */; };
		9DBCEC791F0CE3B900D60FD0 /* 6.jpg in Resources */ = {isa = PBXBuildFile; fileRef = 9DBCEC651F0CE3B900D60FD0 /* 6.jpg */; };
		9DBCEC7A1F0CE3B900D60FD0 /* 7.jpg in Resources */ = {isa = PBXBuildFile; fileRef = 9DBCEC661F0CE3B900D60FD0 /* 7.jpg */; };
		9DBCEC7B1F0CE3B900D60FD0 /* 8.jpg in Resources */ = {isa = PBXBuildFile; fileRef = 9DBCEC671F0CE3B900D60FD0 /* 8.jpg */; };
		9DBCEC7C1F0CE3B900D60FD0 /* 9.jpg in Resources */ = {isa = PBXBuildFile; fileRef = 9DBCEC681F0CE3B900D60FD0 /* 9.jpg */; };
		9DBCEC851F0CE62200D60FD0 /* CollectionViewTestVC.m in Sources */ = {isa = PBXBuildFile; fileRef = 9DBCEC831F0CE62200D60FD0 /* CollectionViewTestVC.m */; };
		9DBCEC861F0CE62200D60FD0 /* CollectionViewTestVC.xib in Resources */ = {isa = PBXBuildFile; fileRef = 9DBCEC841F0CE62200D60FD0 /* CollectionViewTestVC.xib */; };
		9DBCEC891F0CEE5100D60FD0 /* CollectionCell.m in Sources */ = {isa = PBXBuildFile; fileRef = 9DBCEC881F0CEE5100D60FD0 /* CollectionCell.m */; };
		9DC91C601F25EF3600CA465A /* XYCustomTextView.m in Sources */ = {isa = PBXBuildFile; fileRef = 9DC91C5F1F25EF3600CA465A /* XYCustomTextView.m */; };
		9DCD76071EF4D0EA00422E8D /* XYShopActivityHeaderView.m in Sources */ = {isa = PBXBuildFile; fileRef = 9DCD76051EF4D0EA00422E8D /* XYShopActivityHeaderView.m */; };
		9DCD76081EF4D0EA00422E8D /* XYShopActivityHeaderView.xib in Resources */ = {isa = PBXBuildFile; fileRef = 9DCD76061EF4D0EA00422E8D /* XYShopActivityHeaderView.xib */; };
		9DCE5E5E1F134C9500D0890C /* XYFindOrReleaseJod.m in Sources */ = {isa = PBXBuildFile; fileRef = 9DCE5E491F134C9500D0890C /* XYFindOrReleaseJod.m */; };
		9DCE5E5F1F134C9500D0890C /* XYClickCellDataSource.m in Sources */ = {isa = PBXBuildFile; fileRef = 9DCE5E4C1F134C9500D0890C /* XYClickCellDataSource.m */; };
		9DCE5E601F134C9500D0890C /* XYClickCellModel.m in Sources */ = {isa = PBXBuildFile; fileRef = 9DCE5E4E1F134C9500D0890C /* XYClickCellModel.m */; };
		9DCE5E611F134C9500D0890C /* XYJodClickCell.m in Sources */ = {isa = PBXBuildFile; fileRef = 9DCE5E511F134C9500D0890C /* XYJodClickCell.m */; };
		9DCE5E621F134C9500D0890C /* XYJodClickCell.xib in Resources */ = {isa = PBXBuildFile; fileRef = 9DCE5E521F134C9500D0890C /* XYJodClickCell.xib */; };
		9DCE5E631F134C9500D0890C /* XYJodFooterView.m in Sources */ = {isa = PBXBuildFile; fileRef = 9DCE5E541F134C9500D0890C /* XYJodFooterView.m */; };
		9DCE5E641F134C9500D0890C /* XYJodFooterView.xib in Resources */ = {isa = PBXBuildFile; fileRef = 9DCE5E551F134C9500D0890C /* XYJodFooterView.xib */; };
		9DCE5E651F134C9500D0890C /* XYJodHeaderView.m in Sources */ = {isa = PBXBuildFile; fileRef = 9DCE5E571F134C9500D0890C /* XYJodHeaderView.m */; };
		9DCE5E661F134C9500D0890C /* XYJodHeaderView.xib in Resources */ = {isa = PBXBuildFile; fileRef = 9DCE5E581F134C9500D0890C /* XYJodHeaderView.xib */; };
		9DCE5E671F134C9500D0890C /* XYWelfareCell.m in Sources */ = {isa = PBXBuildFile; fileRef = 9DCE5E5A1F134C9500D0890C /* XYWelfareCell.m */; };
		9DCE5E681F134C9500D0890C /* XYWelfareCell.xib in Resources */ = {isa = PBXBuildFile; fileRef = 9DCE5E5B1F134C9500D0890C /* XYWelfareCell.xib */; };
		9DCE5E691F134C9500D0890C /* XYWelfareCollectionViewCell.m in Sources */ = {isa = PBXBuildFile; fileRef = 9DCE5E5D1F134C9500D0890C /* XYWelfareCollectionViewCell.m */; };
		9DD153281EF2826C0075B5ED /* ThreeViewController.m in Sources */ = {isa = PBXBuildFile; fileRef = 9DD153261EF2826C0075B5ED /* ThreeViewController.m */; };
		9DD153291EF2826C0075B5ED /* ThreeViewController.xib in Resources */ = {isa = PBXBuildFile; fileRef = 9DD153271EF2826C0075B5ED /* ThreeViewController.xib */; };
		9DDE891D1F0DC9B60012AA41 /* LineLayout.m in Sources */ = {isa = PBXBuildFile; fileRef = 9DDE891C1F0DC9B60012AA41 /* LineLayout.m */; };
/* End PBXBuildFile section */

/* Begin PBXFileReference section */
		47A357881ECCABB60061A379 /* BaiduMapTest.app */ = {isa = PBXFileReference; explicitFileType = wrapper.application; includeInIndex = 0; path = BaiduMapTest.app; sourceTree = BUILT_PRODUCTS_DIR; };
		47A3578C1ECCABB60061A379 /* main.m */ = {isa = PBXFileReference; lastKnownFileType = sourcecode.c.objc; path = main.m; sourceTree = "<group>"; };
		47A3578E1ECCABB60061A379 /* AppDelegate.h */ = {isa = PBXFileReference; lastKnownFileType = sourcecode.c.h; path = AppDelegate.h; sourceTree = "<group>"; };
		47A3578F1ECCABB60061A379 /* AppDelegate.m */ = {isa = PBXFileReference; lastKnownFileType = sourcecode.c.objc; path = AppDelegate.m; sourceTree = "<group>"; };
		47A357911ECCABB60061A379 /* ViewController.h */ = {isa = PBXFileReference; lastKnownFileType = sourcecode.c.h; path = ViewController.h; sourceTree = "<group>"; };
		47A357921ECCABB60061A379 /* ViewController.m */ = {isa = PBXFileReference; lastKnownFileType = sourcecode.c.objc; path = ViewController.m; sourceTree = "<group>"; };
		47A357951ECCABB60061A379 /* Base */ = {isa = PBXFileReference; lastKnownFileType = file.storyboard; name = Base; path = Base.lproj/Main.storyboard; sourceTree = "<group>"; };
		47A357971ECCABB60061A379 /* Assets.xcassets */ = {isa = PBXFileReference; lastKnownFileType = folder.assetcatalog; path = Assets.xcassets; sourceTree = "<group>"; };
		47A3579A1ECCABB60061A379 /* Base */ = {isa = PBXFileReference; lastKnownFileType = file.storyboard; name = Base; path = Base.lproj/LaunchScreen.storyboard; sourceTree = "<group>"; };
		47A3579C1ECCABB60061A379 /* Info.plist */ = {isa = PBXFileReference; lastKnownFileType = text.plist.xml; path = Info.plist; sourceTree = "<group>"; };
		47A357A21ECCAF9D0061A379 /* MemedaVC.h */ = {isa = PBXFileReference; fileEncoding = 4; lastKnownFileType = sourcecode.c.h; path = MemedaVC.h; sourceTree = "<group>"; };
		47A357A31ECCAF9D0061A379 /* MemedaVC.m */ = {isa = PBXFileReference; fileEncoding = 4; lastKnownFileType = sourcecode.c.objc; path = MemedaVC.m; sourceTree = "<group>"; };
		47A357A41ECCAF9D0061A379 /* MemedaVC.xib */ = {isa = PBXFileReference; fileEncoding = 4; lastKnownFileType = file.xib; path = MemedaVC.xib; sourceTree = "<group>"; };
		47A357A71ECCB0850061A379 /* MyENavigationController.h */ = {isa = PBXFileReference; fileEncoding = 4; lastKnownFileType = sourcecode.c.h; path = MyENavigationController.h; sourceTree = "<group>"; };
		47A357A81ECCB0850061A379 /* MyENavigationController.m */ = {isa = PBXFileReference; fileEncoding = 4; lastKnownFileType = sourcecode.c.objc; path = MyENavigationController.m; sourceTree = "<group>"; };
		47A357AA1ECCB1EE0061A379 /* TwoViewController.h */ = {isa = PBXFileReference; fileEncoding = 4; lastKnownFileType = sourcecode.c.h; path = TwoViewController.h; sourceTree = "<group>"; };
		47A357AB1ECCB1EE0061A379 /* TwoViewController.m */ = {isa = PBXFileReference; fileEncoding = 4; lastKnownFileType = sourcecode.c.objc; path = TwoViewController.m; sourceTree = "<group>"; };
		47A357AC1ECCB1EE0061A379 /* TwoViewController.xib */ = {isa = PBXFileReference; fileEncoding = 4; lastKnownFileType = file.xib; path = TwoViewController.xib; sourceTree = "<group>"; };
		9DB98D621EEAA6E4000E77BA /* TestTableviewVC.h */ = {isa = PBXFileReference; fileEncoding = 4; lastKnownFileType = sourcecode.c.h; path = TestTableviewVC.h; sourceTree = "<group>"; };
		9DB98D631EEAA6E4000E77BA /* TestTableviewVC.m */ = {isa = PBXFileReference; fileEncoding = 4; lastKnownFileType = sourcecode.c.objc; path = TestTableviewVC.m; sourceTree = "<group>"; };
		9DB98D641EEAA6E4000E77BA /* TestTableviewVC.xib */ = {isa = PBXFileReference; fileEncoding = 4; lastKnownFileType = file.xib; path = TestTableviewVC.xib; sourceTree = "<group>"; };
		9DB98D671EEAA88B000E77BA /* XYOrderCell.h */ = {isa = PBXFileReference; fileEncoding = 4; lastKnownFileType = sourcecode.c.h; path = XYOrderCell.h; sourceTree = "<group>"; };
		9DB98D681EEAA88B000E77BA /* XYOrderCell.m */ = {isa = PBXFileReference; fileEncoding = 4; lastKnownFileType = sourcecode.c.objc; path = XYOrderCell.m; sourceTree = "<group>"; };
		9DB98D691EEAA88B000E77BA /* XYOrderCell.xib */ = {isa = PBXFileReference; fileEncoding = 4; lastKnownFileType = file.xib; path = XYOrderCell.xib; sourceTree = "<group>"; };
		9DBCEC4C1F0C8F7300D60FD0 /* CZRDropDownMenuCell.h */ = {isa = PBXFileReference; fileEncoding = 4; lastKnownFileType = sourcecode.c.h; path = CZRDropDownMenuCell.h; sourceTree = "<group>"; };
		9DBCEC4D1F0C8F7300D60FD0 /* CZRDropDownMenuCell.m */ = {isa = PBXFileReference; fileEncoding = 4; lastKnownFileType = sourcecode.c.objc; path = CZRDropDownMenuCell.m; sourceTree = "<group>"; };
		9DBCEC4F1F0C956E00D60FD0 /* ImageCellCollectionViewCell.h */ = {isa = PBXFileReference; fileEncoding = 4; lastKnownFileType = sourcecode.c.h; path = ImageCellCollectionViewCell.h; sourceTree = "<group>"; };
		9DBCEC501F0C956E00D60FD0 /* ImageCellCollectionViewCell.m */ = {isa = PBXFileReference; fileEncoding = 4; lastKnownFileType = sourcecode.c.objc; path = ImageCellCollectionViewCell.m; sourceTree = "<group>"; };
		9DBCEC511F0C956E00D60FD0 /* ImageCellCollectionViewCell.xib */ = {isa = PBXFileReference; fileEncoding = 4; lastKnownFileType = file.xib; path = ImageCellCollectionViewCell.xib; sourceTree = "<group>"; };
		9DBCEC551F0CE3B900D60FD0 /* 1.jpg */ = {isa = PBXFileReference; lastKnownFileType = image.jpeg; path = 1.jpg; sourceTree = "<group>"; };
		9DBCEC561F0CE3B900D60FD0 /* 10.jpg */ = {isa = PBXFileReference; lastKnownFileType = image.jpeg; path = 10.jpg; sourceTree = "<group>"; };
		9DBCEC571F0CE3B900D60FD0 /* 11.jpg */ = {isa = PBXFileReference; lastKnownFileType = image.jpeg; path = 11.jpg; sourceTree = "<group>"; };
		9DBCEC581F0CE3B900D60FD0 /* 12.jpg */ = {isa = PBXFileReference; lastKnownFileType = image.jpeg; path = 12.jpg; sourceTree = "<group>"; };
		9DBCEC591F0CE3B900D60FD0 /* 13.jpg */ = {isa = PBXFileReference; lastKnownFileType = image.jpeg; path = 13.jpg; sourceTree = "<group>"; };
		9DBCEC5A1F0CE3B900D60FD0 /* 14.jpg */ = {isa = PBXFileReference; lastKnownFileType = image.jpeg; path = 14.jpg; sourceTree = "<group>"; };
		9DBCEC5B1F0CE3B900D60FD0 /* 15.jpg */ = {isa = PBXFileReference; lastKnownFileType = image.jpeg; path = 15.jpg; sourceTree = "<group>"; };
		9DBCEC5C1F0CE3B900D60FD0 /* 16.jpg */ = {isa = PBXFileReference; lastKnownFileType = image.jpeg; path = 16.jpg; sourceTree = "<group>"; };
		9DBCEC5D1F0CE3B900D60FD0 /* 17.jpg */ = {isa = PBXFileReference; lastKnownFileType = image.jpeg; path = 17.jpg; sourceTree = "<group>"; };
		9DBCEC5E1F0CE3B900D60FD0 /* 18.jpg */ = {isa = PBXFileReference; lastKnownFileType = image.jpeg; path = 18.jpg; sourceTree = "<group>"; };
		9DBCEC5F1F0CE3B900D60FD0 /* 19.jpg */ = {isa = PBXFileReference; lastKnownFileType = image.jpeg; path = 19.jpg; sourceTree = "<group>"; };
		9DBCEC601F0CE3B900D60FD0 /* 2.jpg */ = {isa = PBXFileReference; lastKnownFileType = image.jpeg; path = 2.jpg; sourceTree = "<group>"; };
		9DBCEC611F0CE3B900D60FD0 /* 20.jpg */ = {isa = PBXFileReference; lastKnownFileType = image.jpeg; path = 20.jpg; sourceTree = "<group>"; };
		9DBCEC621F0CE3B900D60FD0 /* 3.jpg */ = {isa = PBXFileReference; lastKnownFileType = image.jpeg; path = 3.jpg; sourceTree = "<group>"; };
		9DBCEC631F0CE3B900D60FD0 /* 4.jpg */ = {isa = PBXFileReference; lastKnownFileType = image.jpeg; path = 4.jpg; sourceTree = "<group>"; };
		9DBCEC641F0CE3B900D60FD0 /* 5.jpg */ = {isa = PBXFileReference; lastKnownFileType = image.jpeg; path = 5.jpg; sourceTree = "<group>"; };
		9DBCEC651F0CE3B900D60FD0 /* 6.jpg */ = {isa = PBXFileReference; lastKnownFileType = image.jpeg; path = 6.jpg; sourceTree = "<group>"; };
		9DBCEC661F0CE3B900D60FD0 /* 7.jpg */ = {isa = PBXFileReference; lastKnownFileType = image.jpeg; path = 7.jpg; sourceTree = "<group>"; };
		9DBCEC671F0CE3B900D60FD0 /* 8.jpg */ = {isa = PBXFileReference; lastKnownFileType = image.jpeg; path = 8.jpg; sourceTree = "<group>"; };
		9DBCEC681F0CE3B900D60FD0 /* 9.jpg */ = {isa = PBXFileReference; lastKnownFileType = image.jpeg; path = 9.jpg; sourceTree = "<group>"; };
		9DBCEC821F0CE62200D60FD0 /* CollectionViewTestVC.h */ = {isa = PBXFileReference; fileEncoding = 4; lastKnownFileType = sourcecode.c.h; path = CollectionViewTestVC.h; sourceTree = "<group>"; };
		9DBCEC831F0CE62200D60FD0 /* CollectionViewTestVC.m */ = {isa = PBXFileReference; fileEncoding = 4; lastKnownFileType = sourcecode.c.objc; path = CollectionViewTestVC.m; sourceTree = "<group>"; };
		9DBCEC841F0CE62200D60FD0 /* CollectionViewTestVC.xib */ = {isa = PBXFileReference; fileEncoding = 4; lastKnownFileType = file.xib; path = CollectionViewTestVC.xib; sourceTree = "<group>"; };
		9DBCEC871F0CEE5100D60FD0 /* CollectionCell.h */ = {isa = PBXFileReference; fileEncoding = 4; lastKnownFileType = sourcecode.c.h; path = CollectionCell.h; sourceTree = "<group>"; };
		9DBCEC881F0CEE5100D60FD0 /* CollectionCell.m */ = {isa = PBXFileReference; fileEncoding = 4; lastKnownFileType = sourcecode.c.objc; path = CollectionCell.m; sourceTree = "<group>"; };
		9DC91C5E1F25EF3600CA465A /* XYCustomTextView.h */ = {isa = PBXFileReference; fileEncoding = 4; lastKnownFileType = sourcecode.c.h; path = XYCustomTextView.h; sourceTree = "<group>"; };
		9DC91C5F1F25EF3600CA465A /* XYCustomTextView.m */ = {isa = PBXFileReference; fileEncoding = 4; lastKnownFileType = sourcecode.c.objc; path = XYCustomTextView.m; sourceTree = "<group>"; };
		9DCD76041EF4D0EA00422E8D /* XYShopActivityHeaderView.h */ = {isa = PBXFileReference; fileEncoding = 4; lastKnownFileType = sourcecode.c.h; path = XYShopActivityHeaderView.h; sourceTree = "<group>"; };
		9DCD76051EF4D0EA00422E8D /* XYShopActivityHeaderView.m */ = {isa = PBXFileReference; fileEncoding = 4; lastKnownFileType = sourcecode.c.objc; path = XYShopActivityHeaderView.m; sourceTree = "<group>"; };
		9DCD76061EF4D0EA00422E8D /* XYShopActivityHeaderView.xib */ = {isa = PBXFileReference; fileEncoding = 4; lastKnownFileType = file.xib; path = XYShopActivityHeaderView.xib; sourceTree = "<group>"; };
		9DCE151D1F0F1FC300528E4B /* BaiduMapTest.entitlements */ = {isa = PBXFileReference; lastKnownFileType = text.plist.entitlements; path = BaiduMapTest.entitlements; sourceTree = "<group>"; };
		9DCE5E481F134C9500D0890C /* XYFindOrReleaseJod.h */ = {isa = PBXFileReference; fileEncoding = 4; lastKnownFileType = sourcecode.c.h; path = XYFindOrReleaseJod.h; sourceTree = "<group>"; };
		9DCE5E491F134C9500D0890C /* XYFindOrReleaseJod.m */ = {isa = PBXFileReference; fileEncoding = 4; lastKnownFileType = sourcecode.c.objc; path = XYFindOrReleaseJod.m; sourceTree = "<group>"; };
		9DCE5E4B1F134C9500D0890C /* XYClickCellDataSource.h */ = {isa = PBXFileReference; fileEncoding = 4; lastKnownFileType = sourcecode.c.h; path = XYClickCellDataSource.h; sourceTree = "<group>"; };
		9DCE5E4C1F134C9500D0890C /* XYClickCellDataSource.m */ = {isa = PBXFileReference; fileEncoding = 4; lastKnownFileType = sourcecode.c.objc; path = XYClickCellDataSource.m; sourceTree = "<group>"; };
		9DCE5E4D1F134C9500D0890C /* XYClickCellModel.h */ = {isa = PBXFileReference; fileEncoding = 4; lastKnownFileType = sourcecode.c.h; path = XYClickCellModel.h; sourceTree = "<group>"; };
		9DCE5E4E1F134C9500D0890C /* XYClickCellModel.m */ = {isa = PBXFileReference; fileEncoding = 4; lastKnownFileType = sourcecode.c.objc; path = XYClickCellModel.m; sourceTree = "<group>"; };
		9DCE5E501F134C9500D0890C /* XYJodClickCell.h */ = {isa = PBXFileReference; fileEncoding = 4; lastKnownFileType = sourcecode.c.h; path = XYJodClickCell.h; sourceTree = "<group>"; };
		9DCE5E511F134C9500D0890C /* XYJodClickCell.m */ = {isa = PBXFileReference; fileEncoding = 4; lastKnownFileType = sourcecode.c.objc; path = XYJodClickCell.m; sourceTree = "<group>"; };
		9DCE5E521F134C9500D0890C /* XYJodClickCell.xib */ = {isa = PBXFileReference; fileEncoding = 4; lastKnownFileType = file.xib; path = XYJodClickCell.xib; sourceTree = "<group>"; };
		9DCE5E531F134C9500D0890C /* XYJodFooterView.h */ = {isa = PBXFileReference; fileEncoding = 4; lastKnownFileType = sourcecode.c.h; path = XYJodFooterView.h; sourceTree = "<group>"; };
		9DCE5E541F134C9500D0890C /* XYJodFooterView.m */ = {isa = PBXFileReference; fileEncoding = 4; lastKnownFileType = sourcecode.c.objc; path = XYJodFooterView.m; sourceTree = "<group>"; };
		9DCE5E551F134C9500D0890C /* XYJodFooterView.xib */ = {isa = PBXFileReference; fileEncoding = 4; lastKnownFileType = file.xib; path = XYJodFooterView.xib; sourceTree = "<group>"; };
		9DCE5E561F134C9500D0890C /* XYJodHeaderView.h */ = {isa = PBXFileReference; fileEncoding = 4; lastKnownFileType = sourcecode.c.h; path = XYJodHeaderView.h; sourceTree = "<group>"; };
		9DCE5E571F134C9500D0890C /* XYJodHeaderView.m */ = {isa = PBXFileReference; fileEncoding = 4; lastKnownFileType = sourcecode.c.objc; path = XYJodHeaderView.m; sourceTree = "<group>"; };
		9DCE5E581F134C9500D0890C /* XYJodHeaderView.xib */ = {isa = PBXFileReference; fileEncoding = 4; lastKnownFileType = file.xib; path = XYJodHeaderView.xib; sourceTree = "<group>"; };
		9DCE5E591F134C9500D0890C /* XYWelfareCell.h */ = {isa = PBXFileReference; fileEncoding = 4; lastKnownFileType = sourcecode.c.h; path = XYWelfareCell.h; sourceTree = "<group>"; };
		9DCE5E5A1F134C9500D0890C /* XYWelfareCell.m */ = {isa = PBXFileReference; fileEncoding = 4; lastKnownFileType = sourcecode.c.objc; path = XYWelfareCell.m; sourceTree = "<group>"; };
		9DCE5E5B1F134C9500D0890C /* XYWelfareCell.xib */ = {isa = PBXFileReference; fileEncoding = 4; lastKnownFileType = file.xib; path = XYWelfareCell.xib; sourceTree = "<group>"; };
		9DCE5E5C1F134C9500D0890C /* XYWelfareCollectionViewCell.h */ = {isa = PBXFileReference; fileEncoding = 4; lastKnownFileType = sourcecode.c.h; path = XYWelfareCollectionViewCell.h; sourceTree = "<group>"; };
		9DCE5E5D1F134C9500D0890C /* XYWelfareCollectionViewCell.m */ = {isa = PBXFileReference; fileEncoding = 4; lastKnownFileType = sourcecode.c.objc; path = XYWelfareCollectionViewCell.m; sourceTree = "<group>"; };
		9DD153251EF2826C0075B5ED /* ThreeViewController.h */ = {isa = PBXFileReference; fileEncoding = 4; lastKnownFileType = sourcecode.c.h; path = ThreeViewController.h; sourceTree = "<group>"; };
		9DD153261EF2826C0075B5ED /* ThreeViewController.m */ = {isa = PBXFileReference; fileEncoding = 4; lastKnownFileType = sourcecode.c.objc; path = ThreeViewController.m; sourceTree = "<group>"; };
		9DD153271EF2826C0075B5ED /* ThreeViewController.xib */ = {isa = PBXFileReference; fileEncoding = 4; lastKnownFileType = file.xib; path = ThreeViewController.xib; sourceTree = "<group>"; };
		9DDE891B1F0DC9B60012AA41 /* LineLayout.h */ = {isa = PBXFileReference; fileEncoding = 4; lastKnownFileType = sourcecode.c.h; path = LineLayout.h; sourceTree = "<group>"; };
		9DDE891C1F0DC9B60012AA41 /* LineLayout.m */ = {isa = PBXFileReference; fileEncoding = 4; lastKnownFileType = sourcecode.c.objc; path = LineLayout.m; sourceTree = "<group>"; };
/* End PBXFileReference section */

/* Begin PBXFrameworksBuildPhase section */
		47A357851ECCABB60061A379 /* Frameworks */ = {
			isa = PBXFrameworksBuildPhase;
			buildActionMask = 2147483647;
			files = (
			);
			runOnlyForDeploymentPostprocessing = 0;
		};
/* End PBXFrameworksBuildPhase section */

/* Begin PBXGroup section */
		47A3577F1ECCABB60061A379 = {
			isa = PBXGroup;
			children = (
				9DCE5E461F134C9500D0890C /* FindJodOrRecruit */,
				9DBCEC541F0CE3B900D60FD0 /* image */,
				47A3578A1ECCABB60061A379 /* BaiduMapTest */,
				47A357891ECCABB60061A379 /* Products */,
			);
			sourceTree = "<group>";
		};
		47A357891ECCABB60061A379 /* Products */ = {
			isa = PBXGroup;
			children = (
				47A357881ECCABB60061A379 /* BaiduMapTest.app */,
			);
			name = Products;
			sourceTree = "<group>";
		};
		47A3578A1ECCABB60061A379 /* BaiduMapTest */ = {
			isa = PBXGroup;
			children = (
				9DCE151D1F0F1FC300528E4B /* BaiduMapTest.entitlements */,
				9DBCEC4C1F0C8F7300D60FD0 /* CZRDropDownMenuCell.h */,
				9DBCEC4D1F0C8F7300D60FD0 /* CZRDropDownMenuCell.m */,
				9DCD76041EF4D0EA00422E8D /* XYShopActivityHeaderView.h */,
				9DCD76051EF4D0EA00422E8D /* XYShopActivityHeaderView.m */,
				9DCD76061EF4D0EA00422E8D /* XYShopActivityHeaderView.xib */,
				9DB98D671EEAA88B000E77BA /* XYOrderCell.h */,
				9DB98D681EEAA88B000E77BA /* XYOrderCell.m */,
				9DB98D691EEAA88B000E77BA /* XYOrderCell.xib */,
				47A357A71ECCB0850061A379 /* MyENavigationController.h */,
				47A357A81ECCB0850061A379 /* MyENavigationController.m */,
				9DB98D621EEAA6E4000E77BA /* TestTableviewVC.h */,
				9DB98D631EEAA6E4000E77BA /* TestTableviewVC.m */,
				9DB98D641EEAA6E4000E77BA /* TestTableviewVC.xib */,
				47A357A21ECCAF9D0061A379 /* MemedaVC.h */,
				47A357A31ECCAF9D0061A379 /* MemedaVC.m */,
				47A357A41ECCAF9D0061A379 /* MemedaVC.xib */,
				9DBCEC821F0CE62200D60FD0 /* CollectionViewTestVC.h */,
				9DBCEC831F0CE62200D60FD0 /* CollectionViewTestVC.m */,
				9DBCEC841F0CE62200D60FD0 /* CollectionViewTestVC.xib */,
				9DBCEC871F0CEE5100D60FD0 /* CollectionCell.h */,
				9DBCEC881F0CEE5100D60FD0 /* CollectionCell.m */,
				9DDE891B1F0DC9B60012AA41 /* LineLayout.h */,
				9DDE891C1F0DC9B60012AA41 /* LineLayout.m */,
				9DC91C5E1F25EF3600CA465A /* XYCustomTextView.h */,
				9DC91C5F1F25EF3600CA465A /* XYCustomTextView.m */,
				47A357AA1ECCB1EE0061A379 /* TwoViewController.h */,
				47A357AB1ECCB1EE0061A379 /* TwoViewController.m */,
				47A357AC1ECCB1EE0061A379 /* TwoViewController.xib */,
				9DD153251EF2826C0075B5ED /* ThreeViewController.h */,
				9DD153261EF2826C0075B5ED /* ThreeViewController.m */,
				9DD153271EF2826C0075B5ED /* ThreeViewController.xib */,
				47A3578E1ECCABB60061A379 /* AppDelegate.h */,
				47A3578F1ECCABB60061A379 /* AppDelegate.m */,
				47A357911ECCABB60061A379 /* ViewController.h */,
				47A357921ECCABB60061A379 /* ViewController.m */,
				9DBCEC4F1F0C956E00D60FD0 /* ImageCellCollectionViewCell.h */,
				9DBCEC501F0C956E00D60FD0 /* ImageCellCollectionViewCell.m */,
				9DBCEC511F0C956E00D60FD0 /* ImageCellCollectionViewCell.xib */,
				47A357941ECCABB60061A379 /* Main.storyboard */,
				47A357971ECCABB60061A379 /* Assets.xcassets */,
				47A357991ECCABB60061A379 /* LaunchScreen.storyboard */,
				47A3579C1ECCABB60061A379 /* Info.plist */,
				47A3578B1ECCABB60061A379 /* Supporting Files */,
			);
			path = BaiduMapTest;
			sourceTree = "<group>";
		};
		47A3578B1ECCABB60061A379 /* Supporting Files */ = {
			isa = PBXGroup;
			children = (
				47A3578C1ECCABB60061A379 /* main.m */,
			);
			name = "Supporting Files";
			sourceTree = "<group>";
		};
		9DBCEC541F0CE3B900D60FD0 /* image */ = {
			isa = PBXGroup;
			children = (
				9DBCEC551F0CE3B900D60FD0 /* 1.jpg */,
				9DBCEC561F0CE3B900D60FD0 /* 10.jpg */,
				9DBCEC571F0CE3B900D60FD0 /* 11.jpg */,
				9DBCEC581F0CE3B900D60FD0 /* 12.jpg */,
				9DBCEC591F0CE3B900D60FD0 /* 13.jpg */,
				9DBCEC5A1F0CE3B900D60FD0 /* 14.jpg */,
				9DBCEC5B1F0CE3B900D60FD0 /* 15.jpg */,
				9DBCEC5C1F0CE3B900D60FD0 /* 16.jpg */,
				9DBCEC5D1F0CE3B900D60FD0 /* 17.jpg */,
				9DBCEC5E1F0CE3B900D60FD0 /* 18.jpg */,
				9DBCEC5F1F0CE3B900D60FD0 /* 19.jpg */,
				9DBCEC601F0CE3B900D60FD0 /* 2.jpg */,
				9DBCEC611F0CE3B900D60FD0 /* 20.jpg */,
				9DBCEC621F0CE3B900D60FD0 /* 3.jpg */,
				9DBCEC631F0CE3B900D60FD0 /* 4.jpg */,
				9DBCEC641F0CE3B900D60FD0 /* 5.jpg */,
				9DBCEC651F0CE3B900D60FD0 /* 6.jpg */,
				9DBCEC661F0CE3B900D60FD0 /* 7.jpg */,
				9DBCEC671F0CE3B900D60FD0 /* 8.jpg */,
				9DBCEC681F0CE3B900D60FD0 /* 9.jpg */,
			);
			path = image;
			sourceTree = "<group>";
		};
		9DCE5E461F134C9500D0890C /* FindJodOrRecruit */ = {
			isa = PBXGroup;
			children = (
				9DCE5E471F134C9500D0890C /* C */,
				9DCE5E4A1F134C9500D0890C /* M */,
				9DCE5E4F1F134C9500D0890C /* V */,
			);
			name = FindJodOrRecruit;
			path = BaiduMapTest/FindJodOrRecruit;
			sourceTree = "<group>";
		};
		9DCE5E471F134C9500D0890C /* C */ = {
			isa = PBXGroup;
			children = (
				9DCE5E481F134C9500D0890C /* XYFindOrReleaseJod.h */,
				9DCE5E491F134C9500D0890C /* XYFindOrReleaseJod.m */,
			);
			path = C;
			sourceTree = "<group>";
		};
		9DCE5E4A1F134C9500D0890C /* M */ = {
			isa = PBXGroup;
			children = (
				9DCE5E4B1F134C9500D0890C /* XYClickCellDataSource.h */,
				9DCE5E4C1F134C9500D0890C /* XYClickCellDataSource.m */,
				9DCE5E4D1F134C9500D0890C /* XYClickCellModel.h */,
				9DCE5E4E1F134C9500D0890C /* XYClickCellModel.m */,
			);
			path = M;
			sourceTree = "<group>";
		};
		9DCE5E4F1F134C9500D0890C /* V */ = {
			isa = PBXGroup;
			children = (
				9DCE5E501F134C9500D0890C /* XYJodClickCell.h */,
				9DCE5E511F134C9500D0890C /* XYJodClickCell.m */,
				9DCE5E521F134C9500D0890C /* XYJodClickCell.xib */,
				9DCE5E531F134C9500D0890C /* XYJodFooterView.h */,
				9DCE5E541F134C9500D0890C /* XYJodFooterView.m */,
				9DCE5E551F134C9500D0890C /* XYJodFooterView.xib */,
				9DCE5E561F134C9500D0890C /* XYJodHeaderView.h */,
				9DCE5E571F134C9500D0890C /* XYJodHeaderView.m */,
				9DCE5E581F134C9500D0890C /* XYJodHeaderView.xib */,
				9DCE5E591F134C9500D0890C /* XYWelfareCell.h */,
				9DCE5E5A1F134C9500D0890C /* XYWelfareCell.m */,
				9DCE5E5B1F134C9500D0890C /* XYWelfareCell.xib */,
				9DCE5E5C1F134C9500D0890C /* XYWelfareCollectionViewCell.h */,
				9DCE5E5D1F134C9500D0890C /* XYWelfareCollectionViewCell.m */,
			);
			path = V;
			sourceTree = "<group>";
		};
/* End PBXGroup section */

/* Begin PBXNativeTarget section */
		47A357871ECCABB60061A379 /* BaiduMapTest */ = {
			isa = PBXNativeTarget;
			buildConfigurationList = 47A3579F1ECCABB60061A379 /* Build configuration list for PBXNativeTarget "BaiduMapTest" */;
			buildPhases = (
				47A357841ECCABB60061A379 /* Sources */,
				47A357851ECCABB60061A379 /* Frameworks */,
				47A357861ECCABB60061A379 /* Resources */,
			);
			buildRules = (
			);
			dependencies = (
			);
			name = BaiduMapTest;
			productName = BaiduMapTest;
			productReference = 47A357881ECCABB60061A379 /* BaiduMapTest.app */;
			productType = "com.apple.product-type.application";
		};
/* End PBXNativeTarget section */

/* Begin PBXProject section */
		47A357801ECCABB60061A379 /* Project object */ = {
			isa = PBXProject;
			attributes = {
				LastUpgradeCheck = 0820;
				ORGANIZATIONNAME = HMRL;
				TargetAttributes = {
					47A357871ECCABB60061A379 = {
						CreatedOnToolsVersion = 8.2.1;
						DevelopmentTeam = KM6ZEXC7YV;
						ProvisioningStyle = Automatic;
						SystemCapabilities = {
							com.apple.Push = {
								enabled = 0;
							};
						};
					};
				};
			};
			buildConfigurationList = 47A357831ECCABB60061A379 /* Build configuration list for PBXProject "BaiduMapTest" */;
			compatibilityVersion = "Xcode 3.2";
			developmentRegion = English;
			hasScannedForEncodings = 0;
			knownRegions = (
				en,
				Base,
			);
			mainGroup = 47A3577F1ECCABB60061A379;
			productRefGroup = 47A357891ECCABB60061A379 /* Products */;
			projectDirPath = "";
			projectRoot = "";
			targets = (
				47A357871ECCABB60061A379 /* BaiduMapTest */,
			);
		};
/* End PBXProject section */

/* Begin PBXResourcesBuildPhase section */
		47A357861ECCABB60061A379 /* Resources */ = {
			isa = PBXResourcesBuildPhase;
			buildActionMask = 2147483647;
			files = (
				9DBCEC791F0CE3B900D60FD0 /* 6.jpg in Resources */,
				9DBCEC741F0CE3B900D60FD0 /* 2.jpg in Resources */,
				9DBCEC6B1F0CE3B900D60FD0 /* 11.jpg in Resources */,
				9DCE5E681F134C9500D0890C /* XYWelfareCell.xib in Resources */,
				9DBCEC7C1F0CE3B900D60FD0 /* 9.jpg in Resources */,
				9DBCEC7A1F0CE3B900D60FD0 /* 7.jpg in Resources */,
				9DBCEC751F0CE3B900D60FD0 /* 20.jpg in Resources */,
				9DBCEC691F0CE3B900D60FD0 /* 1.jpg in Resources */,
				9DBCEC6C1F0CE3B900D60FD0 /* 12.jpg in Resources */,
				47A3579B1ECCABB60061A379 /* LaunchScreen.storyboard in Resources */,
				47A357981ECCABB60061A379 /* Assets.xcassets in Resources */,
				9DBCEC781F0CE3B900D60FD0 /* 5.jpg in Resources */,
				9DBCEC531F0C956E00D60FD0 /* ImageCellCollectionViewCell.xib in Resources */,
				9DCE5E661F134C9500D0890C /* XYJodHeaderView.xib in Resources */,
				47A357961ECCABB60061A379 /* Main.storyboard in Resources */,
				9DBCEC711F0CE3B900D60FD0 /* 17.jpg in Resources */,
				47A357AE1ECCB1EE0061A379 /* TwoViewController.xib in Resources */,
				9DB98D661EEAA6E5000E77BA /* TestTableviewVC.xib in Resources */,
				9DBCEC861F0CE62200D60FD0 /* CollectionViewTestVC.xib in Resources */,
				9DCE5E641F134C9500D0890C /* XYJodFooterView.xib in Resources */,
				9DBCEC721F0CE3B900D60FD0 /* 18.jpg in Resources */,
				9DBCEC771F0CE3B900D60FD0 /* 4.jpg in Resources */,
				9DBCEC7B1F0CE3B900D60FD0 /* 8.jpg in Resources */,
				47A357A61ECCAF9D0061A379 /* MemedaVC.xib in Resources */,
				9DBCEC6E1F0CE3B900D60FD0 /* 14.jpg in Resources */,
				9DBCEC761F0CE3B900D60FD0 /* 3.jpg in Resources */,
				9DCE5E621F134C9500D0890C /* XYJodClickCell.xib in Resources */,
				9DBCEC6F1F0CE3B900D60FD0 /* 15.jpg in Resources */,
				9DBCEC6D1F0CE3B900D60FD0 /* 13.jpg in Resources */,
				9DB98D6B1EEAA88B000E77BA /* XYOrderCell.xib in Resources */,
				9DBCEC731F0CE3B900D60FD0 /* 19.jpg in Resources */,
				9DCD76081EF4D0EA00422E8D /* XYShopActivityHeaderView.xib in Resources */,
				9DBCEC6A1F0CE3B900D60FD0 /* 10.jpg in Resources */,
				9DBCEC701F0CE3B900D60FD0 /* 16.jpg in Resources */,
				9DD153291EF2826C0075B5ED /* ThreeViewController.xib in Resources */,
			);
			runOnlyForDeploymentPostprocessing = 0;
		};
/* End PBXResourcesBuildPhase section */

/* Begin PBXSourcesBuildPhase section */
		47A357841ECCABB60061A379 /* Sources */ = {
			isa = PBXSourcesBuildPhase;
			buildActionMask = 2147483647;
			files = (
				9DCE5E631F134C9500D0890C /* XYJodFooterView.m in Sources */,
				9DC91C601F25EF3600CA465A /* XYCustomTextView.m in Sources */,
				9DCE5E5E1F134C9500D0890C /* XYFindOrReleaseJod.m in Sources */,
				9DCE5E601F134C9500D0890C /* XYClickCellModel.m in Sources */,
				9DCE5E671F134C9500D0890C /* XYWelfareCell.m in Sources */,
				47A357931ECCABB60061A379 /* ViewController.m in Sources */,
				47A357901ECCABB60061A379 /* AppDelegate.m in Sources */,
				9DCE5E691F134C9500D0890C /* XYWelfareCollectionViewCell.m in Sources */,
				9DBCEC521F0C956E00D60FD0 /* ImageCellCollectionViewCell.m in Sources */,
				9DDE891D1F0DC9B60012AA41 /* LineLayout.m in Sources */,
				47A357A91ECCB0850061A379 /* MyENavigationController.m in Sources */,
				47A357AD1ECCB1EE0061A379 /* TwoViewController.m in Sources */,
				47A3578D1ECCABB60061A379 /* main.m in Sources */,
				9DCD76071EF4D0EA00422E8D /* XYShopActivityHeaderView.m in Sources */,
				9DB98D6A1EEAA88B000E77BA /* XYOrderCell.m in Sources */,
				9DCE5E611F134C9500D0890C /* XYJodClickCell.m in Sources */,
				9DD153281EF2826C0075B5ED /* ThreeViewController.m in Sources */,
				9DCE5E5F1F134C9500D0890C /* XYClickCellDataSource.m in Sources */,
				47A357A51ECCAF9D0061A379 /* MemedaVC.m in Sources */,
				9DBCEC851F0CE62200D60FD0 /* CollectionViewTestVC.m in Sources */,
				9DBCEC891F0CEE5100D60FD0 /* CollectionCell.m in Sources */,
				9DBCEC4E1F0C8F7300D60FD0 /* CZRDropDownMenuCell.m in Sources */,
				9DCE5E651F134C9500D0890C /* XYJodHeaderView.m in Sources */,
				9DB98D651EEAA6E5000E77BA /* TestTableviewVC.m in Sources */,
			);
			runOnlyForDeploymentPostprocessing = 0;
		};
/* End PBXSourcesBuildPhase section */

/* Begin PBXVariantGroup section */
		47A357941ECCABB60061A379 /* Main.storyboard */ = {
			isa = PBXVariantGroup;
			children = (
				47A357951ECCABB60061A379 /* Base */,
			);
			name = Main.storyboard;
			sourceTree = "<group>";
		};
		47A357991ECCABB60061A379 /* LaunchScreen.storyboard */ = {
			isa = PBXVariantGroup;
			children = (
				47A3579A1ECCABB60061A379 /* Base */,
			);
			name = LaunchScreen.storyboard;
			sourceTree = "<group>";
		};
/* End PBXVariantGroup section */

/* Begin XCBuildConfiguration section */
		47A3579D1ECCABB60061A379 /* Debug */ = {
			isa = XCBuildConfiguration;
			buildSettings = {
				ALWAYS_SEARCH_USER_PATHS = NO;
				CLANG_ANALYZER_NONNULL = YES;
				CLANG_CXX_LANGUAGE_STANDARD = "gnu++0x";
				CLANG_CXX_LIBRARY = "libc++";
				CLANG_ENABLE_MODULES = YES;
				CLANG_ENABLE_OBJC_ARC = YES;
				CLANG_WARN_BOOL_CONVERSION = YES;
				CLANG_WARN_CONSTANT_CONVERSION = YES;
				CLANG_WARN_DIRECT_OBJC_ISA_USAGE = YES_ERROR;
				CLANG_WARN_DOCUMENTATION_COMMENTS = YES;
				CLANG_WARN_EMPTY_BODY = YES;
				CLANG_WARN_ENUM_CONVERSION = YES;
				CLANG_WARN_INFINITE_RECURSION = YES;
				CLANG_WARN_INT_CONVERSION = YES;
				CLANG_WARN_OBJC_ROOT_CLASS = YES_ERROR;
				CLANG_WARN_SUSPICIOUS_MOVE = YES;
				CLANG_WARN_UNREACHABLE_CODE = YES;
				CLANG_WARN__DUPLICATE_METHOD_MATCH = YES;
				"CODE_SIGN_IDENTITY[sdk=iphoneos*]" = "iPhone Developer";
				COPY_PHASE_STRIP = NO;
				DEBUG_INFORMATION_FORMAT = dwarf;
				ENABLE_STRICT_OBJC_MSGSEND = YES;
				ENABLE_TESTABILITY = YES;
				GCC_C_LANGUAGE_STANDARD = gnu99;
				GCC_DYNAMIC_NO_PIC = NO;
				GCC_NO_COMMON_BLOCKS = YES;
				GCC_OPTIMIZATION_LEVEL = 0;
				GCC_PREPROCESSOR_DEFINITIONS = (
					"DEBUG=1",
					"$(inherited)",
				);
				GCC_WARN_64_TO_32_BIT_CONVERSION = YES;
				GCC_WARN_ABOUT_RETURN_TYPE = YES_ERROR;
				GCC_WARN_UNDECLARED_SELECTOR = YES;
				GCC_WARN_UNINITIALIZED_AUTOS = YES_AGGRESSIVE;
				GCC_WARN_UNUSED_FUNCTION = YES;
				GCC_WARN_UNUSED_VARIABLE = YES;
				IPHONEOS_DEPLOYMENT_TARGET = 10.2;
				MTL_ENABLE_DEBUG_INFO = YES;
				ONLY_ACTIVE_ARCH = YES;
				SDKROOT = iphoneos;
			};
			name = Debug;
		};
		47A3579E1ECCABB60061A379 /* Release */ = {
			isa = XCBuildConfiguration;
			buildSettings = {
				ALWAYS_SEARCH_USER_PATHS = NO;
				CLANG_ANALYZER_NONNULL = YES;
				CLANG_CXX_LANGUAGE_STANDARD = "gnu++0x";
				CLANG_CXX_LIBRARY = "libc++";
				CLANG_ENABLE_MODULES = YES;
				CLANG_ENABLE_OBJC_ARC = YES;
				CLANG_WARN_BOOL_CONVERSION = YES;
				CLANG_WARN_CONSTANT_CONVERSION = YES;
				CLANG_WARN_DIRECT_OBJC_ISA_USAGE = YES_ERROR;
				CLANG_WARN_DOCUMENTATION_COMMENTS = YES;
				CLANG_WARN_EMPTY_BODY = YES;
				CLANG_WARN_ENUM_CONVERSION = YES;
				CLANG_WARN_INFINITE_RECURSION = YES;
				CLANG_WARN_INT_CONVERSION = YES;
				CLANG_WARN_OBJC_ROOT_CLASS = YES_ERROR;
				CLANG_WARN_SUSPICIOUS_MOVE = YES;
				CLANG_WARN_UNREACHABLE_CODE = YES;
				CLANG_WARN__DUPLICATE_METHOD_MATCH = YES;
				"CODE_SIGN_IDENTITY[sdk=iphoneos*]" = "iPhone Developer";
				COPY_PHASE_STRIP = NO;
				DEBUG_INFORMATION_FORMAT = "dwarf-with-dsym";
				ENABLE_NS_ASSERTIONS = NO;
				ENABLE_STRICT_OBJC_MSGSEND = YES;
				GCC_C_LANGUAGE_STANDARD = gnu99;
				GCC_NO_COMMON_BLOCKS = YES;
				GCC_WARN_64_TO_32_BIT_CONVERSION = YES;
				GCC_WARN_ABOUT_RETURN_TYPE = YES_ERROR;
				GCC_WARN_UNDECLARED_SELECTOR = YES;
				GCC_WARN_UNINITIALIZED_AUTOS = YES_AGGRESSIVE;
				GCC_WARN_UNUSED_FUNCTION = YES;
				GCC_WARN_UNUSED_VARIABLE = YES;
				IPHONEOS_DEPLOYMENT_TARGET = 10.2;
				MTL_ENABLE_DEBUG_INFO = NO;
				SDKROOT = iphoneos;
				VALIDATE_PRODUCT = YES;
			};
			name = Release;
		};
		47A357A01ECCABB60061A379 /* Debug */ = {
			isa = XCBuildConfiguration;
			buildSettings = {
				ASSETCATALOG_COMPILER_APPICON_NAME = AppIcon;
				DEVELOPMENT_TEAM = KM6ZEXC7YV;
				INFOPLIST_FILE = BaiduMapTest/Info.plist;
				LD_RUNPATH_SEARCH_PATHS = "$(inherited) @executable_path/Frameworks";
				PRODUCT_BUNDLE_IDENTIFIER = xiaoyangyang.BaiduMapTest;
				PRODUCT_NAME = "$(TARGET_NAME)";
			};
			name = Debug;
		};
		47A357A11ECCABB60061A379 /* Release */ = {
			isa = XCBuildConfiguration;
			buildSettings = {
				ASSETCATALOG_COMPILER_APPICON_NAME = AppIcon;
				DEVELOPMENT_TEAM = KM6ZEXC7YV;
				INFOPLIST_FILE = BaiduMapTest/Info.plist;
				LD_RUNPATH_SEARCH_PATHS = "$(inherited) @executable_path/Frameworks";
				PRODUCT_BUNDLE_IDENTIFIER = xiaoyangyang.BaiduMapTest;
				PRODUCT_NAME = "$(TARGET_NAME)";
			};
			name = Release;
		};
/* End XCBuildConfiguration section */

/* Begin XCConfigurationList section */
		47A357831ECCABB60061A379 /* Build configuration list for PBXProject "BaiduMapTest" */ = {
			isa = XCConfigurationList;
			buildConfigurations = (
				47A3579D1ECCABB60061A379 /* Debug */,
				47A3579E1ECCABB60061A379 /* Release */,
			);
			defaultConfigurationIsVisible = 0;
			defaultConfigurationName = Release;
		};
		47A3579F1ECCABB60061A379 /* Build configuration list for PBXNativeTarget "BaiduMapTest" */ = {
			isa = XCConfigurationList;
			buildConfigurations = (
				47A357A01ECCABB60061A379 /* Debug */,
				47A357A11ECCABB60061A379 /* Release */,
			);
			defaultConfigurationIsVisible = 0;
			defaultConfigurationName = Release;
		};
/* End XCConfigurationList section */
	};
	rootObject = 47A357801ECCABB60061A379 /* Project object */;
}
